
Microsoft Visual Studio Solution File, Format Version 12.00
# Visual Studio Version 17
VisualStudioVersion = 17.11.35219.272
MinimumVisualStudioVersion = 10.0.40219.1
Project("{FAE04EC0-301F-11D3-BF4B-00C04F79EFBC}") = "algorith pratice", "algorith pratice\algorith pratice.csproj", "{51FF8F6C-F881-45B0-8454-CC262343AB07}"
EndProject
Global
	GlobalSection(SolutionConfigurationPlatforms) = preSolution
		Debug|Any CPU = Debug|Any CPU
		Release|Any CPU = Release|Any CPU
	EndGlobalSection
	GlobalSection(ProjectConfigurationPlatforms) = postSolution
		{51FF8F6C-F881-45B0-8454-CC262343AB07}.Debug|Any CPU.ActiveCfg = Debug|Any CPU
		{51FF8F6C-F881-45B0-8454-CC262343AB07}.Debug|Any CPU.Build.0 = Debug|Any CPU
		{51FF8F6C-F881-45B0-8454-CC262343AB07}.Release|Any CPU.ActiveCfg = Release|Any CPU
		{51FF8F6C-F881-45B0-8454-CC262343AB07}.Release|Any CPU.Build.0 = Release|Any CPU
	EndGlobalSection
	GlobalSection(SolutionProperties) = preSolution
		HideSolutionNode = FALSE
	EndGlobalSection
	GlobalSection(ExtensibilityGlobals) = postSolution
		SolutionGuid = {699DE86E-9069-4876-A1C9-4CA755B694A9}
	EndGlobalSection
EndGlobal
